
Microsoft Visual Studio Solution File, Format Version 12.00
# Visual Studio 15
VisualStudioVersion = 15.0.28307.1340
MinimumVisualStudioVersion = 10.0.40219.1
Project("{888888A0-9F3D-457C-B088-3A5042F75D52}") = "CPDM120_BikeProject_SRW", "CPDM120_BikeProject_SRW\CPDM120_BikeProject_SRW.pyproj", "{64E58EDC-96BA-4992-9D72-CA7A8CB99374}"
EndProject
Global
	GlobalSection(SolutionConfigurationPlatforms) = preSolution
		Debug|Any CPU = Debug|Any CPU
		Release|Any CPU = Release|Any CPU
	EndGlobalSection
	GlobalSection(ProjectConfigurationPlatforms) = postSolution
		{64E58EDC-96BA-4992-9D72-CA7A8CB99374}.Debug|Any CPU.ActiveCfg = Debug|Any CPU
		{64E58EDC-96BA-4992-9D72-CA7A8CB99374}.Release|Any CPU.ActiveCfg = Release|Any CPU
	EndGlobalSection
	GlobalSection(SolutionProperties) = preSolution
		HideSolutionNode = FALSE
	EndGlobalSection
	GlobalSection(ExtensibilityGlobals) = postSolution
		SolutionGuid = {3A55CCBF-BDEB-4549-9D90-FA4BE0834CD2}
	EndGlobalSection
EndGlobal
